
Microsoft Visual Studio Solution File, Format Version 12.00
# Visual Studio Version 17
VisualStudioVersion = 17.12.35527.113
MinimumVisualStudioVersion = 10.0.40219.1
Project("{2150E333-8FDC-42A3-9474-1A3956D46DE8}") = "Services", "Services", "{5B70805D-1047-4136-8C54-73AE13A2250F}"
EndProject
Project("{2150E333-8FDC-42A3-9474-1A3956D46DE8}") = "Catalog", "Catalog", "{2E805F73-7BD2-4272-8117-CDF0A0A53C70}"
EndProject
Project("{FAE04EC0-301F-11D3-BF4B-00C04F79EFBC}") = "Catalog.Api", "src\Services\Catalog\Catalog.Api\Catalog.Api.csproj", "{4A969929-843A-4D12-9C0C-563106DC9AD3}"
EndProject
Project("{2150E333-8FDC-42A3-9474-1A3956D46DE8}") = "BuildingBlocks", "BuildingBlocks", "{8A6A9834-C531-49DA-8986-56068AD04BFD}"
EndProject
Project("{FAE04EC0-301F-11D3-BF4B-00C04F79EFBC}") = "BuildingBlocks", "src\BuildingBlocks\BuildingBlocks\BuildingBlocks.csproj", "{26ACCE3F-11B7-4C02-A153-207A6117B68D}"
EndProject
Project("{E53339B2-1760-4266-BCC7-CA923CBCF16C}") = "docker-compose", "docker-compose.dcproj", "{6D266DF9-3267-459E-909E-28FD8E169873}"
EndProject
Global
	GlobalSection(SolutionConfigurationPlatforms) = preSolution
		Debug|Any CPU = Debug|Any CPU
		Release|Any CPU = Release|Any CPU
	EndGlobalSection
	GlobalSection(ProjectConfigurationPlatforms) = postSolution
		{4A969929-843A-4D12-9C0C-563106DC9AD3}.Debug|Any CPU.ActiveCfg = Debug|Any CPU
		{4A969929-843A-4D12-9C0C-563106DC9AD3}.Debug|Any CPU.Build.0 = Debug|Any CPU
		{4A969929-843A-4D12-9C0C-563106DC9AD3}.Release|Any CPU.ActiveCfg = Release|Any CPU
		{4A969929-843A-4D12-9C0C-563106DC9AD3}.Release|Any CPU.Build.0 = Release|Any CPU
		{26ACCE3F-11B7-4C02-A153-207A6117B68D}.Debug|Any CPU.ActiveCfg = Debug|Any CPU
		{26ACCE3F-11B7-4C02-A153-207A6117B68D}.Debug|Any CPU.Build.0 = Debug|Any CPU
		{26ACCE3F-11B7-4C02-A153-207A6117B68D}.Release|Any CPU.ActiveCfg = Release|Any CPU
		{26ACCE3F-11B7-4C02-A153-207A6117B68D}.Release|Any CPU.Build.0 = Release|Any CPU
		{6D266DF9-3267-459E-909E-28FD8E169873}.Debug|Any CPU.ActiveCfg = Debug|Any CPU
		{6D266DF9-3267-459E-909E-28FD8E169873}.Debug|Any CPU.Build.0 = Debug|Any CPU
		{6D266DF9-3267-459E-909E-28FD8E169873}.Release|Any CPU.ActiveCfg = Release|Any CPU
		{6D266DF9-3267-459E-909E-28FD8E169873}.Release|Any CPU.Build.0 = Release|Any CPU
	EndGlobalSection
	GlobalSection(SolutionProperties) = preSolution
		HideSolutionNode = FALSE
	EndGlobalSection
	GlobalSection(NestedProjects) = preSolution
		{2E805F73-7BD2-4272-8117-CDF0A0A53C70} = {5B70805D-1047-4136-8C54-73AE13A2250F}
		{4A969929-843A-4D12-9C0C-563106DC9AD3} = {2E805F73-7BD2-4272-8117-CDF0A0A53C70}
		{26ACCE3F-11B7-4C02-A153-207A6117B68D} = {8A6A9834-C531-49DA-8986-56068AD04BFD}
	EndGlobalSection
EndGlobal
